{
  "version": 4,
  "terraform_version": "1.8.5",
  "serial": 25,
  "lineage": "48106142-ad19-4aed-700c-9c5d0ae65be8",
  "outputs": {
    "artifact_bucket": {
      "value": "your-unique-artifact-bucket-name",
      "type": "string"
    }
  },
  "resources": [
    {
      "mode": "managed",
      "type": "aws_codebuild_project",
      "name": "build_project",
      "provider": "provider[\"registry.terraform.io/hashicorp/aws\"]",
      "instances": [
        {
          "schema_version": 0,
          "attributes": {
            "arn": "arn:aws:codebuild:us-east-1:058264070247:project/codebuild-realworld-todo",
            "artifacts": [
              {
                "artifact_identifier": "",
                "bucket_owner_access": "",
                "encryption_disabled": false,
                "location": "your-unique-artifact-bucket-name",
                "name": "artifact",
                "namespace_type": "NONE",
                "override_artifact_name": false,
                "packaging": "NONE",
                "path": "",
                "type": "S3"
              }
            ],
            "badge_enabled": false,
            "badge_url": "",
            "build_batch_config": [],
            "build_timeout": 5,
            "cache": [
              {
                "location": "",
                "modes": [],
                "type": "NO_CACHE"
              }
            ],
            "concurrent_build_limit": 0,
            "description": "",
            "encryption_key": "arn:aws:kms:us-east-1:058264070247:alias/aws/s3",
            "environment": [
              {
                "certificate": "",
                "compute_type": "BUILD_GENERAL1_SMALL",
                "environment_variable": [],
                "image": "aws/codebuild/standard:4.0",
                "image_pull_credentials_type": "CODEBUILD",
                "privileged_mode": false,
                "registry_credential": [],
                "type": "LINUX_CONTAINER"
              }
            ],
            "file_system_locations": [],
            "id": "arn:aws:codebuild:us-east-1:058264070247:project/codebuild-realworld-todo",
            "logs_config": [
              {
                "cloudwatch_logs": [
                  {
                    "group_name": "",
                    "status": "ENABLED",
                    "stream_name": ""
                  }
                ],
                "s3_logs": [
                  {
                    "bucket_owner_access": "",
                    "encryption_disabled": false,
                    "location": "",
                    "status": "DISABLED"
                  }
                ]
              }
            ],
            "name": "codebuild-realworld-todo",
            "project_visibility": "PRIVATE",
            "public_project_alias": "",
            "queued_timeout": 480,
            "resource_access_role": "",
            "secondary_artifacts": [],
            "secondary_source_version": [],
            "secondary_sources": [],
            "service_role": "arn:aws:iam::058264070247:role/codebuild-role",
            "source": [
              {
                "build_status_config": [],
                "buildspec": "buildspec.yml",
                "git_clone_depth": 0,
                "git_submodules_config": [],
                "insecure_ssl": false,
                "location": "git@github.com:SarahUO/realworld.git",
                "report_build_status": false,
                "type": "GITHUB"
              }
            ],
            "source_version": "",
            "tags": {},
            "tags_all": {},
            "vpc_config": []
          },
          "sensitive_attributes": [],
          "private": "bnVsbA==",
          "dependencies": [
            "aws_iam_role.codebuild_role",
            "aws_s3_bucket.artifact_bucket"
          ]
        }
      ]
    },
    {
      "mode": "managed",
      "type": "aws_codepipeline",
      "name": "pipeline",
      "provider": "provider[\"registry.terraform.io/hashicorp/aws\"]",
      "instances": [
        {
          "schema_version": 0,
          "attributes": {
            "arn": "arn:aws:codepipeline:us-east-1:058264070247:codepipeline-realworld-todo",
            "artifact_store": [
              {
                "encryption_key": [],
                "location": "your-unique-artifact-bucket-name",
                "region": "",
                "type": "S3"
              }
            ],
            "execution_mode": "SUPERSEDED",
            "id": "codepipeline-realworld-todo",
            "name": "codepipeline-realworld-todo",
            "pipeline_type": "V1",
            "role_arn": "arn:aws:iam::058264070247:role/codepipeline-role",
            "stage": [
              {
                "action": [
                  {
                    "category": "Source",
                    "configuration": {
                      "BranchName": "master",
                      "ConnectionArn": "arn:aws:codestar-connections:us-east-1:058264070247:connection/0289434c-7382-4359-8fa7-398ce1302069",
                      "FullRepositoryId": "gothinkster/realworld"
                    },
                    "input_artifacts": [],
                    "name": "Source",
                    "namespace": "",
                    "output_artifacts": [
                      "source_output"
                    ],
                    "owner": "AWS",
                    "provider": "CodeStarSourceConnection",
                    "region": "",
                    "role_arn": "",
                    "run_order": 1,
                    "version": "1"
                  }
                ],
                "name": "Source"
              },
              {
                "action": [
                  {
                    "category": "Build",
                    "configuration": {
                      "ProjectName": "codebuild-realworld-todo"
                    },
                    "input_artifacts": [
                      "source_output"
                    ],
                    "name": "Build",
                    "namespace": "",
                    "output_artifacts": [
                      "build_output"
                    ],
                    "owner": "AWS",
                    "provider": "CodeBuild",
                    "region": "",
                    "role_arn": "",
                    "run_order": 1,
                    "version": "1"
                  }
                ],
                "name": "Build"
              },
              {
                "action": [
                  {
                    "category": "Deploy",
                    "configuration": {
                      "ApplicationName": "todo-app",
                      "EnvironmentName": "todo-app-env"
                    },
                    "input_artifacts": [
                      "build_output"
                    ],
                    "name": "Deploy",
                    "namespace": "",
                    "output_artifacts": [],
                    "owner": "AWS",
                    "provider": "ElasticBeanstalk",
                    "region": "",
                    "role_arn": "",
                    "run_order": 1,
                    "version": "1"
                  }
                ],
                "name": "Deploy"
              }
            ],
            "tags": {},
            "tags_all": {},
            "trigger": [],
            "variable": []
          },
          "sensitive_attributes": [],
          "private": "bnVsbA==",
          "dependencies": [
            "aws_codebuild_project.build_project",
            "aws_codestarconnections_connection.github_connection",
            "aws_iam_role.codebuild_role",
            "aws_iam_role.codepipeline_role",
            "aws_s3_bucket.artifact_bucket"
          ]
        }
      ]
    },
    {
      "mode": "managed",
      "type": "aws_codestarconnections_connection",
      "name": "github_connection",
      "provider": "provider[\"registry.terraform.io/hashicorp/aws\"]",
      "instances": [
        {
          "schema_version": 0,
          "attributes": {
            "arn": "arn:aws:codestar-connections:us-east-1:058264070247:connection/0289434c-7382-4359-8fa7-398ce1302069",
            "connection_status": "AVAILABLE",
            "host_arn": "",
            "id": "arn:aws:codestar-connections:us-east-1:058264070247:connection/0289434c-7382-4359-8fa7-398ce1302069",
            "name": "GitHubConnection",
            "provider_type": "GitHub",
            "tags": {},
            "tags_all": {}
          },
          "sensitive_attributes": [],
          "private": "bnVsbA=="
        }
      ]
    },
    {
      "mode": "managed",
      "type": "aws_iam_role",
      "name": "codebuild_role",
      "provider": "provider[\"registry.terraform.io/hashicorp/aws\"]",
      "instances": [
        {
          "schema_version": 0,
          "attributes": {
            "arn": "arn:aws:iam::058264070247:role/codebuild-role",
            "assume_role_policy": "{\"Statement\":[{\"Action\":\"sts:AssumeRole\",\"Effect\":\"Allow\",\"Principal\":{\"Service\":\"codebuild.amazonaws.com\"}}],\"Version\":\"2012-10-17\"}",
            "create_date": "2024-06-16T02:09:06Z",
            "description": "",
            "force_detach_policies": false,
            "id": "codebuild-role",
            "inline_policy": [
              {
                "name": "codebuild-policy",
                "policy": "{\"Version\":\"2012-10-17\",\"Statement\":[{\"Action\":[\"s3:GetObject\",\"s3:PutObject\",\"s3:PutObjectAcl\"],\"Effect\":\"Allow\",\"Resource\":\"arn:aws:s3:::your-unique-artifact-bucket-name/*\"},{\"Action\":[\"logs:CreateLogGroup\",\"logs:CreateLogStream\",\"logs:PutLogEvents\"],\"Effect\":\"Allow\",\"Resource\":\"*\"}]}"
              }
            ],
            "managed_policy_arns": [],
            "max_session_duration": 3600,
            "name": "codebuild-role",
            "name_prefix": "",
            "path": "/",
            "permissions_boundary": "",
            "tags": {},
            "tags_all": {},
            "unique_id": "AROAQ3EGPFBT5AN56KV7I"
          },
          "sensitive_attributes": [],
          "private": "bnVsbA==",
          "dependencies": [
            "aws_s3_bucket.artifact_bucket"
          ]
        }
      ]
    },
    {
      "mode": "managed",
      "type": "aws_iam_role",
      "name": "codepipeline_role",
      "provider": "provider[\"registry.terraform.io/hashicorp/aws\"]",
      "instances": [
        {
          "schema_version": 0,
          "attributes": {
            "arn": "arn:aws:iam::058264070247:role/codepipeline-role",
            "assume_role_policy": "{\"Statement\":[{\"Action\":\"sts:AssumeRole\",\"Effect\":\"Allow\",\"Principal\":{\"Service\":\"codepipeline.amazonaws.com\"}}],\"Version\":\"2012-10-17\"}",
            "create_date": "2024-06-16T02:29:02Z",
            "description": "",
            "force_detach_policies": false,
            "id": "codepipeline-role",
            "inline_policy": [
              {
                "name": "codepipeline-policy",
                "policy": "{\"Version\":\"2012-10-17\",\"Statement\":[{\"Action\":[\"codebuild:BatchGetBuilds\",\"codebuild:StartBuild\",\"s3:GetObject\",\"s3:PutObject\",\"s3:PutObjectAcl\"],\"Effect\":\"Allow\",\"Resource\":\"*\"},{\"Action\":[\"codestar-connections:GetConnection\",\"codestar-connections:ListConnections\",\"codestar-connections:UseConnection\"],\"Effect\":\"Allow\",\"Resource\":\"arn:aws:codestar-connections:us-east-1:058264070247:connection/0289434c-7382-4359-8fa7-398ce1302069\"}]}"
              }
            ],
            "managed_policy_arns": [],
            "max_session_duration": 3600,
            "name": "codepipeline-role",
            "name_prefix": "",
            "path": "/",
            "permissions_boundary": "",
            "tags": {},
            "tags_all": {},
            "unique_id": "AROAQ3EGPFBTS6DS2T7A4"
          },
          "sensitive_attributes": [],
          "private": "bnVsbA=="
        }
      ]
    },
    {
      "mode": "managed",
      "type": "aws_s3_bucket",
      "name": "artifact_bucket",
      "provider": "provider[\"registry.terraform.io/hashicorp/aws\"]",
      "instances": [
        {
          "schema_version": 0,
          "attributes": {
            "acceleration_status": "",
            "acl": null,
            "arn": "arn:aws:s3:::your-unique-artifact-bucket-name",
            "bucket": "your-unique-artifact-bucket-name",
            "bucket_domain_name": "your-unique-artifact-bucket-name.s3.amazonaws.com",
            "bucket_prefix": "",
            "bucket_regional_domain_name": "your-unique-artifact-bucket-name.s3.us-east-1.amazonaws.com",
            "cors_rule": [],
            "force_destroy": false,
            "grant": [
              {
                "id": "187d7c1ba045b312c13ab2f985ced8d9649e4be82d52acb31dd8f5d020032236",
                "permissions": [
                  "FULL_CONTROL"
                ],
                "type": "CanonicalUser",
                "uri": ""
              }
            ],
            "hosted_zone_id": "Z3AQBSTGFYJSTF",
            "id": "your-unique-artifact-bucket-name",
            "lifecycle_rule": [],
            "logging": [],
            "object_lock_configuration": [],
            "object_lock_enabled": false,
            "policy": "",
            "region": "us-east-1",
            "replication_configuration": [],
            "request_payer": "BucketOwner",
            "server_side_encryption_configuration": [
              {
                "rule": [
                  {
                    "apply_server_side_encryption_by_default": [
                      {
                        "kms_master_key_id": "",
                        "sse_algorithm": "AES256"
                      }
                    ],
                    "bucket_key_enabled": false
                  }
                ]
              }
            ],
            "tags": {},
            "tags_all": {},
            "timeouts": null,
            "versioning": [
              {
                "enabled": false,
                "mfa_delete": false
              }
            ],
            "website": [],
            "website_domain": null,
            "website_endpoint": null
          },
          "sensitive_attributes": [],
          "private": "eyJlMmJmYjczMC1lY2FhLTExZTYtOGY4OC0zNDM2M2JjN2M0YzAiOnsiY3JlYXRlIjoxMjAwMDAwMDAwMDAwLCJkZWxldGUiOjM2MDAwMDAwMDAwMDAsInJlYWQiOjEyMDAwMDAwMDAwMDAsInVwZGF0ZSI6MTIwMDAwMDAwMDAwMH19"
        }
      ]
    },
    {
      "mode": "managed",
      "type": "aws_s3_bucket_server_side_encryption_configuration",
      "name": "artifact_bucket_sse",
      "provider": "provider[\"registry.terraform.io/hashicorp/aws\"]",
      "instances": [
        {
          "schema_version": 0,
          "attributes": {
            "bucket": "your-unique-artifact-bucket-name",
            "expected_bucket_owner": "",
            "id": "your-unique-artifact-bucket-name",
            "rule": [
              {
                "apply_server_side_encryption_by_default": [
                  {
                    "kms_master_key_id": "",
                    "sse_algorithm": "AES256"
                  }
                ],
                "bucket_key_enabled": false
              }
            ]
          },
          "sensitive_attributes": [],
          "private": "bnVsbA==",
          "dependencies": [
            "aws_s3_bucket.artifact_bucket"
          ]
        }
      ]
    }
  ],
  "check_results": null
}
